{
  "lockfileVersion": 1,
  "workspaces": {
    "": {
      "name": "after-effects-plugin-project-generator",
      "dependencies": {
        "@clack/prompts": "^0.10.0",
        "@types/node": "^22.13.10",
        "xmlbuilder2": "^3.1.1",
      },
    },
  },
  "packages": {
    "@clack/core": ["@clack/core@0.4.1", "", { "dependencies": { "picocolors": "^1.0.0", "sisteransi": "^1.0.5" } }, "sha512-Pxhij4UXg8KSr7rPek6Zowm+5M22rbd2g1nfojHJkxp5YkFqiZ2+YLEM/XGVIzvGOcM0nqjIFxrpDwWRZYWYjA=="],

    "@clack/prompts": ["@clack/prompts@0.10.0", "", { "dependencies": { "@clack/core": "0.4.1", "picocolors": "^1.0.0", "sisteransi": "^1.0.5" } }, "sha512-H3rCl6CwW1NdQt9rE3n373t7o5cthPv7yUoxF2ytZvyvlJv89C5RYMJu83Hed8ODgys5vpBU0GKxIRG83jd8NQ=="],

    "@oozcitak/dom": ["@oozcitak/dom@1.15.10", "", { "dependencies": { "@oozcitak/infra": "1.0.8", "@oozcitak/url": "1.0.4", "@oozcitak/util": "8.3.8" } }, "sha512-0JT29/LaxVgRcGKvHmSrUTEvZ8BXvZhGl2LASRUgHqDTC1M5g1pLmVv56IYNyt3bG2CUjDkc67wnyZC14pbQrQ=="],

    "@oozcitak/infra": ["@oozcitak/infra@1.0.8", "", { "dependencies": { "@oozcitak/util": "8.3.8" } }, "sha512-JRAUc9VR6IGHOL7OGF+yrvs0LO8SlqGnPAMqyzOuFZPSZSXI7Xf2O9+awQPSMXgIWGtgUf/dA6Hs6X6ySEaWTg=="],

    "@oozcitak/url": ["@oozcitak/url@1.0.4", "", { "dependencies": { "@oozcitak/infra": "1.0.8", "@oozcitak/util": "8.3.8" } }, "sha512-kDcD8y+y3FCSOvnBI6HJgl00viO/nGbQoCINmQ0h98OhnGITrWR3bOGfwYCthgcrV8AnTJz8MzslTQbC3SOAmw=="],

    "@oozcitak/util": ["@oozcitak/util@8.3.8", "", {}, "sha512-T8TbSnGsxo6TDBJx/Sgv/BlVJL3tshxZP7Aq5R1mSnM5OcHY2dQaxLMu2+E8u3gN0MLOzdjurqN4ZRVuzQycOQ=="],

    "@types/node": ["@types/node@22.13.10", "", { "dependencies": { "undici-types": "~6.20.0" } }, "sha512-I6LPUvlRH+O6VRUqYOcMudhaIdUVWfsjnZavnsraHvpBwaEyMN29ry+0UVJhImYL16xsscu0aske3yA+uPOWfw=="],

    "argparse": ["argparse@1.0.10", "", { "dependencies": { "sprintf-js": "~1.0.2" } }, "sha512-o5Roy6tNG4SL/FOkCAN6RzjiakZS25RLYFrcMttJqbdd8BWrnA+fGz57iN5Pb06pvBGvl5gQ0B48dJlslXvoTg=="],

    "esprima": ["esprima@4.0.1", "", { "bin": { "esparse": "./bin/esparse.js", "esvalidate": "./bin/esvalidate.js" } }, "sha512-eGuFFw7Upda+g4p+QHvnW0RyTX/SVeJBDM/gCtMARO0cLuT2HcEKnTPvhjV6aGeqrCB/sbNop0Kszm0jsaWU4A=="],

    "js-yaml": ["js-yaml@3.14.1", "", { "dependencies": { "argparse": "^1.0.7", "esprima": "^4.0.0" }, "bin": { "js-yaml": "bin/js-yaml.js" } }, "sha512-okMH7OXXJ7YrN9Ok3/SXrnu4iX9yOk+25nqX4imS2npuvTYDmo/QEZoqwZkYaIDk3jVvBOTOIEgEhaLOynBS9g=="],

    "picocolors": ["picocolors@1.1.1", "", {}, "sha512-xceH2snhtb5M9liqDsmEw56le376mTZkEX/jEb/RxNFyegNul7eNslCXP9FDj/Lcu0X8KEyMceP2ntpaHrDEVA=="],

    "sisteransi": ["sisteransi@1.0.5", "", {}, "sha512-bLGGlR1QxBcynn2d5YmDX4MGjlZvy2MRBDRNHLJ8VI6l6+9FUiyTFNJ0IveOSP0bcXgVDPRcfGqA0pjaqUpfVg=="],

    "sprintf-js": ["sprintf-js@1.0.3", "", {}, "sha512-D9cPgkvLlV3t3IzL0D0YLvGA9Ahk4PcvVwUbN0dSGr1aP0Nrt4AEnTUbuGvquEC0mA64Gqt1fzirlRs5ibXx8g=="],

    "undici-types": ["undici-types@6.20.0", "", {}, "sha512-Ny6QZ2Nju20vw1SRHe3d9jVu6gJ+4e3+MMpqu7pqE5HT6WsTSlce++GQmK5UXS8mzV8DSYHrQH+Xrf2jVcuKNg=="],

    "xmlbuilder2": ["xmlbuilder2@3.1.1", "", { "dependencies": { "@oozcitak/dom": "1.15.10", "@oozcitak/infra": "1.0.8", "@oozcitak/util": "8.3.8", "js-yaml": "3.14.1" } }, "sha512-WCSfbfZnQDdLQLiMdGUQpMxxckeQ4oZNMNhLVkcekTu7xhD4tuUDyAPoY8CwXvBYE6LwBHd6QW2WZXlOWr1vCw=="],
  }
}
